<?xml version="1.0" encoding="utf-8"?>
<Project ToolsVersion="4.0" xmlns="http://schemas.microsoft.com/developer/msbuild/2003">
  <ItemGroup>
    <Filter Include="Source Files">
      <UniqueIdentifier>{4FC737F1-C7A5-4376-A066-2A32D752A2FF}</UniqueIdentifier>
      <Extensions>cpp;c;cc;cxx;c++;cppm;ixx;def;odl;idl;hpj;bat;asm;asmx</Extensions>
    </Filter>
    <Filter Include="Header Files">
      <UniqueIdentifier>{93995380-89BD-4b04-88EB-625FBE52EBFB}</UniqueIdentifier>
      <Extensions>h;hh;hpp;hxx;h++;hm;inl;inc;ipp;xsd</Extensions>
    </Filter>
    <Filter Include="Resource Files">
      <UniqueIdentifier>{67DA6AB6-F800-4c08-8B7A-83BB121AAD01}</UniqueIdentifier>
      <Extensions>rc;ico;cur;bmp;dlg;rc2;rct;bin;rgs;gif;jpg;jpeg;jpe;resx;tiff;tif;png;wav;mfcribbon-ms</Extensions>
    </Filter>
  </ItemGroup>
  <ItemGroup>
    <ClCompile Include="src\main.cpp">
      <Filter>Source Files</Filter>
    </ClCompile>
    <ClCompile Include="src\circuit\parts\resistor.cpp">
      <Filter>Source Files</Filter>
    </ClCompile>
    <ClCompile Include="src\circuit\circuit.cpp">
      <Filter>Source Files</Filter>
    </ClCompile>
    <ClCompile Include="src\circuit\parts\voltage_source.cpp">
      <Filter>Source Files</Filter>
    </ClCompile>
    <ClCompile Include="src\circuit\n_pin_part.h">
      <Filter>Source Files</Filter>
    </ClCompile>
    <ClCompile Include="src\circuit\circuit_matrix.cpp">
      <Filter>Source Files</Filter>
    </ClCompile>
    <ClCompile Include="src\circuit\scope.cpp">
      <Filter>Source Files</Filter>
    </ClCompile>
    <ClCompile Include="src\circuit\util.cpp">
      <Filter>Source Files</Filter>
    </ClCompile>
    <ClCompile Include="src\circuit\parts\capacitor.cpp">
      <Filter>Source Files</Filter>
    </ClCompile>
    <ClCompile Include="src\circuit\parts\inductor.cpp">
      <Filter>Source Files</Filter>
    </ClCompile>
    <ClCompile Include="src\circuit\parts\current_source.cpp">
      <Filter>Source Files</Filter>
    </ClCompile>
    <ClCompile Include="src\settings.cpp">
      <Filter>Source Files</Filter>
    </ClCompile>
    <ClCompile Include="src\circuit\parts\switch.cpp">
      <Filter>Source Files</Filter>
    </ClCompile>
  </ItemGroup>
  <ItemGroup>
    <ClInclude Include="src\circuit\node.h">
      <Filter>Header Files</Filter>
    </ClInclude>
    <ClInclude Include="src\circuit\part.h">
      <Filter>Header Files</Filter>
    </ClInclude>
    <ClInclude Include="src\circuit\parts\resistor.h">
      <Filter>Header Files</Filter>
    </ClInclude>
    <ClInclude Include="src\circuit\parts\voltage_source.h">
      <Filter>Header Files</Filter>
    </ClInclude>
    <ClInclude Include="src\circuit\circuit.h">
      <Filter>Header Files</Filter>
    </ClInclude>
    <ClInclude Include="src\circuit\circuit_matrix.h">
      <Filter>Header Files</Filter>
    </ClInclude>
    <ClInclude Include="src\lingebra\lingebra.h">
      <Filter>Header Files</Filter>
    </ClInclude>
    <ClInclude Include="src\circuit\pin.h">
      <Filter>Header Files</Filter>
    </ClInclude>
    <ClInclude Include="src\circuit\scalar.h">
      <Filter>Header Files</Filter>
    </ClInclude>
    <ClInclude Include="src\circuit\scope.h">
      <Filter>Header Files</Filter>
    </ClInclude>
    <ClInclude Include="src\circuit\util.h">
      <Filter>Header Files</Filter>
    </ClInclude>
    <ClInclude Include="src\circuit\parts\capacitor.h">
      <Filter>Header Files</Filter>
    </ClInclude>
    <ClInclude Include="src\circuit\parts\inductor.h">
      <Filter>Header Files</Filter>
    </ClInclude>
    <ClInclude Include="src\circuit\parts\current_source.h">
      <Filter>Header Files</Filter>
    </ClInclude>
    <ClInclude Include="src\settings.h">
      <Filter>Header Files</Filter>
    </ClInclude>
    <ClInclude Include="src\circuit\parts\switch.h">
      <Filter>Header Files</Filter>
    </ClInclude>
  </ItemGroup>
</Project>